
Microsoft Visual Studio Solution File, Format Version 12.00
# Visual Studio Version 17
VisualStudioVersion = 17.8.34408.163
MinimumVisualStudioVersion = 10.0.40219.1
Project("{FAE04EC0-301F-11D3-BF4B-00C04F79EFBC}") = "HarbSimulation", "HarbSimulation\HarbSimulation.csproj", "{93F487B2-0CDD-4B30-9434-3C795E82BC8F}"
EndProject
Project("{FAE04EC0-301F-11D3-BF4B-00C04F79EFBC}") = "ClassLibrary.HarborFramwork", "ClassLibrary.HarborFramwork\ClassLibrary.HarborFramwork.csproj", "{7E376787-1D3C-41C2-B928-EC9B7DD53124}"
EndProject
Global
	GlobalSection(SolutionConfigurationPlatforms) = preSolution
		Debug|Any CPU = Debug|Any CPU
		Release|Any CPU = Release|Any CPU
	EndGlobalSection
	GlobalSection(ProjectConfigurationPlatforms) = postSolution
		{93F487B2-0CDD-4B30-9434-3C795E82BC8F}.Debug|Any CPU.ActiveCfg = Debug|Any CPU
		{93F487B2-0CDD-4B30-9434-3C795E82BC8F}.Debug|Any CPU.Build.0 = Debug|Any CPU
		{93F487B2-0CDD-4B30-9434-3C795E82BC8F}.Release|Any CPU.ActiveCfg = Release|Any CPU
		{93F487B2-0CDD-4B30-9434-3C795E82BC8F}.Release|Any CPU.Build.0 = Release|Any CPU
		{7E376787-1D3C-41C2-B928-EC9B7DD53124}.Debug|Any CPU.ActiveCfg = Debug|Any CPU
		{7E376787-1D3C-41C2-B928-EC9B7DD53124}.Debug|Any CPU.Build.0 = Debug|Any CPU
		{7E376787-1D3C-41C2-B928-EC9B7DD53124}.Release|Any CPU.ActiveCfg = Release|Any CPU
		{7E376787-1D3C-41C2-B928-EC9B7DD53124}.Release|Any CPU.Build.0 = Release|Any CPU
	EndGlobalSection
	GlobalSection(SolutionProperties) = preSolution
		HideSolutionNode = FALSE
	EndGlobalSection
	GlobalSection(ExtensibilityGlobals) = postSolution
		SolutionGuid = {185677FC-EFC0-43FF-8F20-E463D5090591}
	EndGlobalSection
EndGlobal
